
Microsoft Visual Studio Solution File, Format Version 12.00
# Visual Studio Version 17
VisualStudioVersion = 17.4.33403.182
MinimumVisualStudioVersion = 10.0.40219.1
Project("{FAE04EC0-301F-11D3-BF4B-00C04F79EFBC}") = "DailyWorkoutTracker.API", "DailyWorkoutTracker.API\DailyWorkoutTracker.API.csproj", "{0BEA4509-637E-431C-BBEA-72CA69F8D37A}"
EndProject
Global
	GlobalSection(SolutionConfigurationPlatforms) = preSolution
		Debug|Any CPU = Debug|Any CPU
		Release|Any CPU = Release|Any CPU
	EndGlobalSection
	GlobalSection(ProjectConfigurationPlatforms) = postSolution
		{0BEA4509-637E-431C-BBEA-72CA69F8D37A}.Debug|Any CPU.ActiveCfg = Debug|Any CPU
		{0BEA4509-637E-431C-BBEA-72CA69F8D37A}.Debug|Any CPU.Build.0 = Debug|Any CPU
		{0BEA4509-637E-431C-BBEA-72CA69F8D37A}.Release|Any CPU.ActiveCfg = Release|Any CPU
		{0BEA4509-637E-431C-BBEA-72CA69F8D37A}.Release|Any CPU.Build.0 = Release|Any CPU
	EndGlobalSection
	GlobalSection(SolutionProperties) = preSolution
		HideSolutionNode = FALSE
	EndGlobalSection
	GlobalSection(ExtensibilityGlobals) = postSolution
		SolutionGuid = {BEC47FCC-AE15-4521-8E33-FB564A43BB4C}
	EndGlobalSection
EndGlobal
